version = 1
revision = 3
requires-python = ">=3.12"

[[package]]
name = "certifi"
version = "2026.7.22"
source = { registry = "https://pypi.org/simple" }
sdist = { url = "https://files.pythonhosted.org/packages/a3/c2/24167ea9858356b47a87a50d39908bfdb72ceeefe0041586e704e5376b3a/certifi-2026.7.22.tar.gz", hash = "sha256:741e2c3b351ddf169a738da9f2c048608ff7f2c5cc02f1ebc6b118bb090d5d55", size = 138112, upload-time = "2026-07-22T03:35:12.644Z" }
wheels = [
    { url = "https://files.pythonhosted.org/packages/0b/a7/71ac2cff56fec219ed242bb11b8efb69fcc4bec75db06fb7bfe35de520e6/certifi-2026.7.22-py3-none-any.whl", hash = "sha256:62f22742b58a1a33014a2b6b706588a8d7e2a88ae7bd1a6ebe8c992928483775", size = 136983, upload-time = "2026-07-22T03:35:11.276Z" },
]

[[package]]
name = "eclipse-sumo"
version = "1.27.1"
source = { registry = "https://pypi.org/simple" }
dependencies = [
    { name = "sumo-data" },
]
wheels = [
    { url = "https://files.pythonhosted.org/packages/96/6e/fef6f21243e6f58b57e8356af0d03e45733bf7817afc059b20aec375f431/eclipse_sumo-1.27.1-py3-none-macosx_14_0_arm64.whl", hash = "sha256:2255536237d81383efe5e53862b030e2dee6e18025210ff6ba4819f11edbb0d4", size = 53827663, upload-time = "2026-06-25T09:47:57.01Z" },
    { url = "https://files.pythonhosted.org/packages/2d/bc/4377e881434460531762e16cffb41a49a5c625e902193642e1af8d8e2a31/eclipse_sumo-1.27.1-py3-none-manylinux2014_aarch64.manylinux_2_17_aarch64.whl", hash = "sha256:e557879511b66511943f0fa1b0f95d2c135d26e2b681665546deb8001133edd5", size = 77553233, upload-time = "2026-06-25T09:48:02.481Z" },
    { url = "https://files.pythonhosted.org/packages/b2/00/0b88a931c50e277a46ee6110216ef8ca299b064cca82d1fc481d4155754a/eclipse_sumo-1.27.1-py3-none-manylinux2014_x86_64.manylinux_2_17_x86_64.whl", hash = "sha256:97abddcb7395c25538f22a272ef67ca77c8a625d3eec6010eed5b62dfac011f3", size = 89032738, upload-time = "2026-06-25T09:48:07.868Z" },
    { url = "https://files.pythonhosted.org/packages/31/ff/ac71562ad6dade48642c475c80d2c159ec7a83907e8ab9bb2d2f7fb59bda/eclipse_sumo-1.27.1-py3-none-manylinux_2_28_aarch64.whl", hash = "sha256:4b56e8bb331bee39d5a102feda7b3441fdfca4704a9ba4f7ed2cdf99ac19d915", size = 126468252, upload-time = "2026-06-25T09:48:15.001Z" },
    { url = "https://files.pythonhosted.org/packages/ba/13/401d9a7f8dbd404c7ec9cef95a7762a38d71088c38bf964789bc012428ce/eclipse_sumo-1.27.1-py3-none-manylinux_2_28_x86_64.whl", hash = "sha256:fd96ace26bccb78312c8c04464c0894a5432db8e2c072388b73e8ae3a6a43586", size = 147105795, upload-time = "2026-06-25T09:48:22.856Z" },
    { url = "https://files.pythonhosted.org/packages/d7/c4/f12aa67ed92aae1b52de68c4dd73398119c16a2e4921050161d829bc8566/eclipse_sumo-1.27.1-py3-none-win_amd64.whl", hash = "sha256:80f68e916d10696a677a60db81f13d5340efae9451eaa8f3088e67e89870d6aa", size = 165702015, upload-time = "2026-06-25T09:48:30.96Z" },
]

[[package]]
name = "ecovia-sim"
version = "0.1.0"
source = { virtual = "." }
dependencies = [
    { name = "eclipse-sumo" },
    { name = "pyproj" },
]

[package.metadata]
requires-dist = [
    { name = "eclipse-sumo", specifier = ">=1.27.1" },
    { name = "pyproj", specifier = ">=3.8.0" },
]

[[package]]
name = "pyproj"
version = "3.8.0"
source = { registry = "https://pypi.org/simple" }
dependencies = [
    { name = "certifi" },
]
sdist = { url = "https://files.pythonhosted.org/packages/c8/29/6598570c90cbfc84ddefc3ccac4aa412bf51a527d72c74cc4fe64a5e6f24/pyproj-3.8.0.tar.gz", hash = "sha256:efa59725bba68bf97fa808b61302df32934acdceb6a5c92a8dd0e71dc266a876", size = 242018, upload-time = "2026-09-05T20:05:09.353Z" }
wheels = [
    { url = "https://files.pythonhosted.org/packages/bb/c0/e2cdf9555f4feb6a17717de08527b0358ecccca7892ac78b17f5a04903cb/pyproj-3.8.0-cp312-cp312-macosx_14_0_arm64.whl", hash = "sha256:8606ccbc110ce2e8cbe4c9ba6c3f24cd73f603795ac0fce1ceb8fc27a9bb786e", size = 4990712, upload-time = "2026-09-05T20:03:10.928Z" },
    { url = "https://files.pythonhosted.org/packages/4e/99/4ec34c75e06d18bd4b8e08189ef8a76170bab339a9bee7d6eaeed075d444/pyproj-3.8.0-cp312-cp312-macosx_15_0_x86_64.whl", hash = "sha256:2d4c49e27d404a95d244196fdadb6b0b0ba3c3cbb43a8d2a357fc579a36b7835", size = 6098819, upload-time = "2026-09-05T20:03:13.066Z" },
    { url = "https://files.pythonhosted.org/packages/28/c3/a819a14ff040ad441f09589fff28cca88c82cb8537818316c798f2ddafb2/pyproj-3.8.0-cp312-cp312-manylinux_2_28_aarch64.whl", hash = "sha256:d8e00ccd9195d9dbb968d490ae9e51c3a59378665506c05e36bfdb6493a38a69", size = 10120591, upload-time = "2026-09-05T20:03:15.214Z" },
    { url = "https://files.pythonhosted.org/packages/5f/ed/035354de8fbc1c1350f5b7f66361995f187d89675622eb63016bf7261dd5/pyproj-3.8.0-cp312-cp312-manylinux_2_28_x86_64.whl", hash = "sha256:6b34cec6bdd66b721980c003cc2a0fce0cab7949444ad037fc2a7ecb6f3b996c", size = 10037552, upload-time = "2026-09-05T20:03:17.43Z" },
    { url = "https://files.pythonhosted.org/packages/76/62/04809135418fb84402acf2a1d37beaeb770d66d78061962cbf0d459a0b07/pyproj-3.8.0-cp312-cp312-musllinux_1_2_aarch64.whl", hash = "sha256:859caa91bd9a1c614bac7de110f3a62f715e6c5a4fe9140c3fd6a0c5034e390d", size = 11498786, upload-time = "2026-09-05T20:03:20.178Z" },
    { url = "https://files.pythonhosted.org/packages/55/ce/7e29ca3df78c59b413ab20d2d2dfb1ef36329f051597992eaa65e4306ac0/pyproj-3.8.0-cp312-cp312-musllinux_1_2_x86_64.whl", hash = "sha256:e6e21972a28e65fdec4b794b6298206516853e03fc9ac40c14271c5dce6b0d32", size = 11497184, upload-time = "2026-09-05T20:03:22.591Z" },
    { url = "https://files.pythonhosted.org/packages/9a/8c/010481b3629eb70f8c8c433d706207b1ec91fdb76fc10cf4ec1d92f51bdd/pyproj-3.8.0-cp312-cp312-win32.whl", hash = "sha256:7914e83760284e4d8d3b6b2a6845c21270a07f214bfd89344d45f9ab63e1b4b5", size = 6295859, upload-time = "2026-09-05T20:03:24.738Z" },
    { url = "https://files.pythonhosted.org/packages/b7/d7/2c861a429581577a441e03020d27274812d7969748f5951d972f6e34597f/pyproj-3.8.0-cp312-cp312-win_amd64.whl", hash = "sha256:0556ce011e1530aea2084a12e39dc9c6ccd25a16c1db5457f39bf83161e7c301", size = 6714045, upload-time = "2026-09-05T20:03:26.863Z" },
    { url = "https://files.pythonhosted.org/packages/09/bb/2d1ff197922cfe106f204041503fb8039d2cee9c34c2a61a0b65f4121b4c/pyproj-3.8.0-cp312-cp312-win_arm64.whl", hash = "sha256:a792112106471f97c3f74b51639068388c9ad0605cc1ca100f11fd0bf47a004e", size = 6663720, upload-time = "2026-09-05T20:03:28.625Z" },
    { url = "https://files.pythonhosted.org/packages/3a/6c/50e8846bda4502d2967c78a106e3565f0e3008965066e65a90cfa295c673/pyproj-3.8.0-cp313-cp313-macosx_14_0_arm64.whl", hash = "sha256:d7bd22f1d4f058db72b5f09d0fcc9a2346178ccf965139ca483edaa5c3a7f2d3", size = 4987064, upload-time = "2026-09-05T20:03:30.544Z" },
    { url = "https://files.pythonhosted.org/packages/56/71/108a8a1fe4dfd6d0bfea14835d834d2a10a89c82b1807084f34f480c5599/pyproj-3.8.0-cp313-cp313-macosx_15_0_x86_64.whl", hash = "sha256:c90bf55c42d3d5475958196bf7331b9aa87e1505af49570f126739ad7e808c1e", size = 6096593, upload-time = "2026-09-05T20:03:32.128Z" },
    { url = "https://files.pythonhosted.org/packages/6d/c4/e9213bb303205912bce7d0681c39da654f9e0a9585cc227b1ee142b5156c/pyproj-3.8.0-cp313-cp313-manylinux_2_28_aarch64.whl", hash = "sha256:8e01abceec40fd8326637cc207a4da089a3c3f61e64001cbd86951c746c54085", size = 10051120, upload-time = "2026-09-05T20:03:34.006Z" },
    { url = "https://files.pythonhosted.org/packages/c9/80/3cdcc2e6942eec2774c8c27655705329e0d76b1eea849136d27dd75aea38/pyproj-3.8.0-cp313-cp313-manylinux_2_28_x86_64.whl", hash = "sha256:01a1601da9c6ad247a12d304f96f9e0b4ddd00b307636341c136442a70c5e218", size = 9974666, upload-time = "2026-09-05T20:03:36.226Z" },
    { url = "https://files.pythonhosted.org/packages/99/c4/f890986aa51e846de464e5054d46ea5443c7cf6fa677631b0e2aa0659dc4/pyproj-3.8.0-cp313-cp313-musllinux_1_2_aarch64.whl", hash = "sha256:0efefc85d3f262d4e5b43d0ffc4ea30e89881ed21feb281b1d1b1294423411ac", size = 11437839, upload-time = "2026-09-05T20:03:38.752Z" },
    { url = "https://files.pythonhosted.org/packages/c6/1e/e720a2d83424181be89ea5201c1f38c1ea8c73fdfae54e549bb44a14ace1/pyproj-3.8.0-cp313-cp313-musllinux_1_2_x86_64.whl", hash = "sha256:9d7f3526031ba810922b15eeab446667f02af4e78de49141e7f0d4a3c7e10ce1", size = 11436240, upload-time = "2026-09-05T20:03:41.128Z" },
    { url = "https://files.pythonhosted.org/packages/9b/0a/8cf66c2a355e2af80ce1dd41386ef2c9f6986c16893b5251e437a03cc5e3/pyproj-3.8.0-cp313-cp313-win32.whl", hash = "sha256:efe9f067215397d719df759083dda09b7012de99439003b12dff5109b339771d", size = 6293886, upload-time = "2026-09-05T20:03:43.392Z" },
    { url = "https://files.pythonhosted.org/packages/b7/70/c5477f4bcc1e1dfeb53ba082f8102467a5675f66ffc21fce1f2564c5ce5d/pyproj-3.8.0-cp313-cp313-win_amd64.whl", hash = "sha256:d7b542e249eb593c1af737b7124648868383b69744ab6a1a0a2ffd0113c997f4", size = 6710283, upload-time = "2026-09-05T20:03:45.185Z" },
    { url = "https://files.pythonhosted.org/packages/99/c5/986fc93c7569e82f21dc2e68cf3603843a57a9837e40f48651a69b4bd27f/pyproj-3.8.0-cp313-cp313-win_arm64.whl", hash = "sha256:b761da280804bb02574c3d950d5e56c47e2aec782d8a3e6714c9c10645cfd020", size = 6661749, upload-time = "2026-09-05T20:03:46.976Z" },
    { url = "https://files.pythonhosted.org/packages/1f/f0/9eb71bd1a38680e0bed2dafc7bb86893944c389fc4d1e4861411f9bc00a3/pyproj-3.8.0-cp314-cp314-macosx_14_0_arm64.whl", hash = "sha256:ad96cf05cfea67e54c16b2119b29ea60ba3b3562643ed3e8a0ce0ecc55efb50e", size = 4991052, upload-time = "2026-09-05T20:03:49.004Z" },
    { url = "https://files.pythonhosted.org/packages/fa/be/9c9839d8a95b57d6fea342802073886ce58a64b7f6e8f8d58054f2c245a8/pyproj-3.8.0-cp314-cp314-macosx_15_0_x86_64.whl", hash = "sha256:45d3abdf17a26396f86d353b957323d53e5fc9d9558bed311ae3b1bf6665448d", size = 6098992, upload-time = "2026-09-05T20:03:50.961Z" },
    { url = "https://files.pythonhosted.org/packages/81/f5/3dd3d75c124a12a9fb69f607a8c9d3af15439c78d57f0dc8d30edac3342e/pyproj-3.8.0-cp314-cp314-manylinux_2_28_aarch64.whl", hash = "sha256:0b3ba65286a1ea401ca51fd35f2bd375f26fd29d517d5ee980159f9f739b2109", size = 10047009, upload-time = "2026-09-05T20:03:52.921Z" },
    { url = "https://files.pythonhosted.org/packages/15/7e/ccee7d6b307bb635b47dbd96eb3471c3a7d6053b8f903723756f8a3ba00a/pyproj-3.8.0-cp314-cp314-manylinux_2_28_x86_64.whl", hash = "sha256:8cff207c2a92235f79bb2caab29790e1743776e02331143bc5de4224bd695911", size = 9942031, upload-time = "2026-09-05T20:03:55.327Z" },
    { url = "https://files.pythonhosted.org/packages/2b/1d/48a2f7d3242da15a75f6ef3ec33ebb250c4218735ac1ca0144e8fef7274c/pyproj-3.8.0-cp314-cp314-musllinux_1_2_aarch64.whl", hash = "sha256:c9a4e37ce375a87a407e8771475680b757903be59cd41b29e60f90bd56fa6b65", size = 11438119, upload-time = "2026-09-05T20:03:57.875Z" },
    { url = "https://files.pythonhosted.org/packages/c6/f7/4118e918180a6edc9267c2d7635167f96bd3c7fa634442b92cb7210a8298/pyproj-3.8.0-cp314-cp314-musllinux_1_2_x86_64.whl", hash = "sha256:ba53cff2c6e768f1b84844ff621291c5ab89ac8875bd8036ab6065aaf58cdbd9", size = 11408758, upload-time = "2026-09-05T20:04:00.587Z" },
    { url = "https://files.pythonhosted.org/packages/12/80/7b2aa0703cfd676a8c8545286cc58ea62ca647c60059c185f0ba484a6a92/pyproj-3.8.0-cp314-cp314-win32.whl", hash = "sha256:dba62da116d92a724723b6e206d792993486458369f65db2381f43564d0d2984", size = 6405456, upload-time = "2026-09-05T20:04:02.92Z" },
    { url = "https://files.pythonhosted.org/packages/f9/26/058eaa656d4e4c43a2528b51a39f6d4b3082e6eb38731ddab4088a744bc1/pyproj-3.8.0-cp314-cp314-win_amd64.whl", hash = "sha256:653b49e2d5aa87c22c1c32520700ed8f394583a0174a6e69ceb280bdbee1b4e6", size = 6856493, upload-time = "2026-09-05T20:04:05.836Z" },
    { url = "https://files.pythonhosted.org/packages/a5/41/8c7c837c863611745e4ad6d30ef2f64838ac7dd77532934120abb4e280f4/pyproj-3.8.0-cp314-cp314-win_arm64.whl", hash = "sha256:c211c35bd8bbf6693fd2787bf8cb15bbac6fbdbad4f6495e9baf53e84923b1a8", size = 6815331, upload-time = "2026-09-05T20:04:08.149Z" },
    { url = "https://files.pythonhosted.org/packages/29/2a/c187159cdd3c0d77a47008b67848433c7663f6f330fdda31d33994525ba6/pyproj-3.8.0-cp314-cp314t-macosx_14_0_arm64.whl", hash = "sha256:e2129d03506414ff22fa4bc2541100ce3bfd9b6d1d9af805e77631aae04b866b", size = 5034204, upload-time = "2026-09-05T20:04:09.811Z" },
    { url = "https://files.pythonhosted.org/packages/5a/3a/33a116141601104596f8d13fb8475124fffc0b79eba7dea607eed7d479ad/pyproj-3.8.0-cp314-cp314t-macosx_15_0_x86_64.whl", hash = "sha256:1271c631c28c1d646c1e0b890bd691d1c4b736f9745a9d8a00f750fefd77de9c", size = 6124713, upload-time = "2026-09-05T20:04:11.517Z" },
    { url = "https://files.pythonhosted.org/packages/d4/42/c95c4a06f59271be31b893ddc9b55e3a2c0a577ab6a1204bd4047a3a2898/pyproj-3.8.0-cp314-cp314t-manylinux_2_28_aarch64.whl", hash = "sha256:a510721719b9e3f5964ad8235e3530bdd82a38093266ad037ee08f71fb9995e9", size = 10326257, upload-time = "2026-09-05T20:04:13.682Z" },
    { url = "https://files.pythonhosted.org/packages/2e/ef/a23a52a64fd8669a3bb65e6af754f60b3622f30cfd86092007baec3afcdd/pyproj-3.8.0-cp314-cp314t-manylinux_2_28_x86_64.whl", hash = "sha256:faa68c0996bdd3fd997d86c676e758b72a96209ab14b7c5e8b8dcf3b23f85881", size = 10127655, upload-time = "2026-09-05T20:04:16.52Z" },
    { url = "https://files.pythonhosted.org/packages/de/d5/7ce0841f952c44daff8673636e112e07320dcf19d34cb02b830619eafcfd/pyproj-3.8.0-cp314-cp314t-musllinux_1_2_aarch64.whl", hash = "sha256:fe26eb69e78f8b8d30ee67a6a6cfc172dd6085bc2c164a7143568138cb3a5a39", size = 11645798, upload-time = "2026-09-05T20:04:19.251Z" },
    { url = "https://files.pythonhosted.org/packages/e7/23/f921f08d883431d69486e18c127a4b5ad5d4d47ebc530e89ec49faa9e962/pyproj-3.8.0-cp314-cp314t-musllinux_1_2_x86_64.whl", hash = "sha256:2da8c0be5660e4f261bf1e63c1d51a8c503947af1c0a330e15e5cddec7ef1e5c", size = 11569070, upload-time = "2026-09-05T20:04:22.142Z" },
    { url = "https://files.pythonhosted.org/packages/ba/b1/e1a20545949c2dc13c6dfc80593f07c1ba32eb6d5f7134732eb1306c5540/pyproj-3.8.0-cp314-cp314t-win32.whl", hash = "sha256:cb38a247201b26be0a2513262e0014847fba6a28400a921d26f6d23db924e345", size = 6475514, upload-time = "2026-09-05T20:04:24.428Z" },
    { url = "https://files.pythonhosted.org/packages/af/46/b3def124148728753a60e8ce3123aed8fec135fd050304c8aa9917aeeeae/pyproj-3.8.0-cp314-cp314t-win_amd64.whl", hash = "sha256:cd047cfb04e451b95ff8b91f824e641a54944fbf64dfef7946e4e8bad6f3f752", size = 6946924, upload-time = "2026-09-05T20:04:26.276Z" },
    { url = "https://files.pythonhosted.org/packages/66/24/c6b0cd6cb625ebc07aeea9bccca5802d9685ee178e9da8c03baadc035f2e/pyproj-3.8.0-cp314-cp314t-win_arm64.whl", hash = "sha256:a02db72ac71f36d4da337e43e98f59ec216613d1bbc2aa1543a9488f3a2a17cc", size = 6847919, upload-time = "2026-09-05T20:04:28.301Z" },
    { url = "https://files.pythonhosted.org/packages/51/00/2c47781ba80bfbeec612815eee45f7b08c4727d4da4d7853981338ff38d1/pyproj-3.8.0-cp315-cp315-macosx_14_0_arm64.whl", hash = "sha256:54750d95c7aa1cbe78ec7be522ceef9b82b8f6f185d26ca413995a953bf8f1e8", size = 4990032, upload-time = "2026-09-05T20:04:30.104Z" },
    { url = "https://files.pythonhosted.org/packages/ba/5a/d8fb1ceb8044bcacfbe1af15169c5674748228c6f6aa8d036399ecfe856f/pyproj-3.8.0-cp315-cp315-macosx_15_0_x86_64.whl", hash = "sha256:dd5bc46f443466cf18418290ef6b69b604b706b24adf84f2ea1d32e58a2f7209", size = 6097707, upload-time = "2026-09-05T20:04:32.346Z" },
    { url = "https://files.pythonhosted.org/packages/a2/24/0a5d3900c001f23d220ae4babd375f17667a505981be573c270c9952bb8f/pyproj-3.8.0-cp315-cp315-manylinux_2_28_aarch64.whl", hash = "sha256:f6e7aa6b2da0c7ae6b6185cb9769bf2f941c5f9cd0c246e98e04fc6751621eac", size = 10052422, upload-time = "2026-09-05T20:04:34.365Z" },
    { url = "https://files.pythonhosted.org/packages/81/68/3cdb0bc8eb5e30e21e2fadbf090c2a92cb92b92175fe9b76d2c74351cc6f/pyproj-3.8.0-cp315-cp315-manylinux_2_28_x86_64.whl", hash = "sha256:0fb11c0d6a7caa396275012a9bda461ddf2d209cf6edfe53c477fb9c71778672", size = 9950482, upload-time = "2026-09-05T20:04:36.814Z" },
    { url = "https://files.pythonhosted.org/packages/b1/b7/d08c09c7d10aacd7705ef71b8fa8e0aed5b625b3f410038d7a198a81fd48/pyproj-3.8.0-cp315-cp315-musllinux_1_2_aarch64.whl", hash = "sha256:ea85d85e71d03d9b26d3bab78384226ebcfa71ac61bc25fcca5f50a144003575", size = 11443699, upload-time = "2026-09-05T20:04:39.324Z" },
    { url = "https://files.pythonhosted.org/packages/84/12/c24538a68b5d8ec33e1a2fe4d1dc309108bcfbd9991e976e1a8933063500/pyproj-3.8.0-cp315-cp315-musllinux_1_2_x86_64.whl", hash = "sha256:ba88a9b5bfb39a141361e6ccc2a06136383ea2757fbfe3e6df2dd1133ad55304", size = 11410580, upload-time = "2026-09-05T20:04:41.739Z" },
    { url = "https://files.pythonhosted.org/packages/55/13/5bbb11d7d84d4d90b7a5c32c7b48dfaf49a00b04cc1572a92a68e06ae80f/pyproj-3.8.0-cp315-cp315-win32.whl", hash = "sha256:d3a37e54316ebb90f5740aed4728f43cb563109dd4ef610d0a1bc7238666d2a2", size = 6405053, upload-time = "2026-09-05T20:04:43.921Z" },
    { url = "https://files.pythonhosted.org/packages/de/f3/93daa94374eae77a188558cb20b159645eae4fb812fcadd066fc4935d018/pyproj-3.8.0-cp315-cp315-win_amd64.whl", hash = "sha256:d752eaaae639719abdb4d357008b4311c0931977f4ea0f019e79e4176ab243a7", size = 6856131, upload-time = "2026-09-05T20:04:45.619Z" },
    { url = "https://files.pythonhosted.org/packages/78/ce/69d83ccaf270916392e4625fad611e0a72a8fca8287db015f67787c193a5/pyproj-3.8.0-cp315-cp315-win_arm64.whl", hash = "sha256:dde9f238bb08f961c040ce7c6202ad5b841b508ece76eacfd8e18bc202778de7", size = 6815088, upload-time = "2026-09-05T20:04:47.339Z" },
    { url = "https://files.pythonhosted.org/packages/c2/f7/8efd72b1c73377fa41bd161b20a257b33a8497a0fcc1d2073c743622717c/pyproj-3.8.0-cp315-cp315t-macosx_14_0_arm64.whl", hash = "sha256:d31e9ddbd0ffcb65fcd902ab726b26741c9a8e8b90b60844596fd5b67030b39c", size = 5028580, upload-time = "2026-09-05T20:04:49.337Z" },
    { url = "https://files.pythonhosted.org/packages/12/17/9785c98b37e99fe2d67118198b9c379c0883d4b215b1dd1594cd98dc12c7/pyproj-3.8.0-cp315-cp315t-macosx_15_0_x86_64.whl", hash = "sha256:19db3f429013d20d31cfc56b2db44246fe5c33514b320eaef09f71f1762836bb", size = 6118988, upload-time = "2026-09-05T20:04:51.566Z" },
    { url = "https://files.pythonhosted.org/packages/eb/d2/ecfbd0c96dbf1370c4f8931dcee451620e08eb77c1f288b262ee2d962217/pyproj-3.8.0-cp315-cp315t-manylinux_2_28_aarch64.whl", hash = "sha256:f0540dea10339be8bb9f90c95685607b262547c53fa7645eef010965b80c4a90", size = 10316986, upload-time = "2026-09-05T20:04:53.498Z" },
    { url = "https://files.pythonhosted.org/packages/f5/c8/6783f31b178506a8faf55eb4e2f0007c281251a0303d59aa0c9ce9a85a80/pyproj-3.8.0-cp315-cp315t-manylinux_2_28_x86_64.whl", hash = "sha256:1074ab4aac836cb0e211fcf0e36dda7d51126c7ce15062ed9007164c6ae93183", size = 10128479, upload-time = "2026-09-05T20:04:56.441Z" },
    { url = "https://files.pythonhosted.org/packages/fc/03/212cb8445d84d20bca10b9c02516e99793a9b3d645e30892ca343499e9be/pyproj-3.8.0-cp315-cp315t-musllinux_1_2_aarch64.whl", hash = "sha256:c6da4fedc9b86970cca828b871b3fcbf8f9ad2da353b0669445fd8c03c89a9f7", size = 11641773, upload-time = "2026-09-05T20:04:59.129Z" },
    { url = "https://files.pythonhosted.org/packages/5c/fe/7a390eeb54cf3294d23dd6b03435485b4b28e1e6ca9217ce1e0c1941fe1e/pyproj-3.8.0-cp315-cp315t-musllinux_1_2_x86_64.whl", hash = "sha256:79e222f6f8486d0af3ebc5544edecebf396492e38f46500f668c6c389a20e4df", size = 11562250, upload-time = "2026-09-05T20:05:01.817Z" },
    { url = "https://files.pythonhosted.org/packages/ed/7a/faad58c948947b217fcf06f80d308fff27bab5730ad6c9cd4c35bcf8bc90/pyproj-3.8.0-cp315-cp315t-win32.whl", hash = "sha256:0ff22ad49d1f59e18a57384926aabcb0ee8bbe9213e5abe375fd18b1b6ace194", size = 6471511, upload-time = "2026-09-05T20:05:04.113Z" },
    { url = "https://files.pythonhosted.org/packages/cf/a8/5ed4f4042031e13a0fede12e81af1e4143102221c373f966a24f38b0d284/pyproj-3.8.0-cp315-cp315t-win_amd64.whl", hash = "sha256:d5a408b215ef98c9ae19e58ec512360b8ad9b25f8792138f983a58d159ac7157", size = 6940114, upload-time = "2026-09-05T20:05:05.737Z" },
    { url = "https://files.pythonhosted.org/packages/12/14/9c291ad92b565629cf4eacee72cbc8071ca8d93c9d719b47f304b1b2ea76/pyproj-3.8.0-cp315-cp315t-win_arm64.whl", hash = "sha256:bbf8a786ebfa9a904802dfde0e95e1325df8efbb573a19686c1937499a8f04e8", size = 6843958, upload-time = "2026-09-05T20:05:07.527Z" },
]

[[package]]
name = "sumo-data"
version = "1.27.1"
source = { registry = "https://pypi.org/simple" }
wheels = [
    { url = "https://files.pythonhosted.org/packages/73/9d/1c4e7bb11044372fdeafad36a753b2c919b328d280820a14e1ac74f18290/sumo_data-1.27.1-py3-none-any.whl", hash = "sha256:2e547fd20558e07d6004d576eeaf85f4aa061efb4a9bab7675233726364fba61", size = 16189121, upload-time = "2026-06-25T09:50:30.943Z" },
    { url = "https://files.pythonhosted.org/packages/ea/f9/0ed46d6d8bed8d96f5901907903baea2200196741b579b1b6768396a9f7c/sumo_data-1.27.1-py3-none-macosx_14_0_arm64.whl", hash = "sha256:cc3f71bbeac8dc45a67ef90b023fa8d7ee4bd25c7f62f8006c5c036d545a9527", size = 116182082, upload-time = "2026-06-25T09:50:39.363Z" },
    { url = "https://files.pythonhosted.org/packages/6c/54/7cfac7fe78b9393ffc0487d799bbeebbdd508147cb84da1c43f19e33e63f/sumo_data-1.27.1-py3-none-win_amd64.whl", hash = "sha256:fa53a3cd34c2f9fd7137d055451b19c44b8972b65dcc15328d2f469647d6d38d", size = 129615571, upload-time = "2026-06-25T09:50:46.708Z" },
]
